// !$*UTF8*$!
{
	archiveVersion = 1;
	classes = {
	};
	objectVersion = 52;
	objects = {

/* Begin PBXBuildFile section */
		A606F57725DFED4300BB957B /* AppDelegate.swift in Sources */ = {isa = PBXBuildFile; fileRef = A606F57625DFED4300BB957B /* AppDelegate.swift */; };
		A606F57925DFED4300BB957B /* SceneDelegate.swift in Sources */ = {isa = PBXBuildFile; fileRef = A606F57825DFED4300BB957B /* SceneDelegate.swift */; };
		A606F57B25DFED4300BB957B /* ArticleTableViewController.swift in Sources */ = {isa = PBXBuildFile; fileRef = A606F57A25DFED4300BB957B /* ArticleTableViewController.swift */; };
		A606F58025DFED4500BB957B /* Assets.xcassets in Resources */ = {isa = PBXBuildFile; fileRef = A606F57F25DFED4500BB957B /* Assets.xcassets */; };
		A606F58325DFED4500BB957B /* LaunchScreen.storyboard in Resources */ = {isa = PBXBuildFile; fileRef = A606F58125DFED4500BB957B /* LaunchScreen.storyboard */; };
		A606F59025E00C7300BB957B /* Article.swift in Sources */ = {isa = PBXBuildFile; fileRef = A606F58F25E00C7300BB957B /* Article.swift */; };
		A606F59525E00F3A00BB957B /* APIService.swift in Sources */ = {isa = PBXBuildFile; fileRef = A606F59425E00F3A00BB957B /* APIService.swift */; };
		A606F59825E00F5C00BB957B /* WebImageView.swift in Sources */ = {isa = PBXBuildFile; fileRef = A606F59725E00F5C00BB957B /* WebImageView.swift */; };
		A606F5B925E0EDBB00BB957B /* Alamofire in Frameworks */ = {isa = PBXBuildFile; productRef = A606F5B825E0EDBB00BB957B /* Alamofire */; };
		A606F5BD25E0F48900BB957B /* Main.storyboard in Resources */ = {isa = PBXBuildFile; fileRef = A606F5BB25E0F48900BB957B /* Main.storyboard */; };
		A606F5C125E0F52900BB957B /* ArticleViewCell.swift in Sources */ = {isa = PBXBuildFile; fileRef = A606F5C025E0F52900BB957B /* ArticleViewCell.swift */; };
		A606F5C525E0F53D00BB957B /* ArticleViewController.swift in Sources */ = {isa = PBXBuildFile; fileRef = A606F5C425E0F53D00BB957B /* ArticleViewController.swift */; };
/* End PBXBuildFile section */

/* Begin PBXFileReference section */
		A606F57325DFED4300BB957B /* NYTimes_API.app */ = {isa = PBXFileReference; explicitFileType = wrapper.application; includeInIndex = 0; path = NYTimes_API.app; sourceTree = BUILT_PRODUCTS_DIR; };
		A606F57625DFED4300BB957B /* AppDelegate.swift */ = {isa = PBXFileReference; lastKnownFileType = sourcecode.swift; path = AppDelegate.swift; sourceTree = "<group>"; };
		A606F57825DFED4300BB957B /* SceneDelegate.swift */ = {isa = PBXFileReference; lastKnownFileType = sourcecode.swift; path = SceneDelegate.swift; sourceTree = "<group>"; };
		A606F57A25DFED4300BB957B /* ArticleTableViewController.swift */ = {isa = PBXFileReference; lastKnownFileType = sourcecode.swift; path = ArticleTableViewController.swift; sourceTree = "<group>"; };
		A606F57F25DFED4500BB957B /* Assets.xcassets */ = {isa = PBXFileReference; lastKnownFileType = folder.assetcatalog; path = Assets.xcassets; sourceTree = "<group>"; };
		A606F58225DFED4500BB957B /* Base */ = {isa = PBXFileReference; lastKnownFileType = file.storyboard; name = Base; path = Base.lproj/LaunchScreen.storyboard; sourceTree = "<group>"; };
		A606F58425DFED4500BB957B /* Info.plist */ = {isa = PBXFileReference; lastKnownFileType = text.plist.xml; path = Info.plist; sourceTree = "<group>"; };
		A606F58F25E00C7300BB957B /* Article.swift */ = {isa = PBXFileReference; lastKnownFileType = sourcecode.swift; path = Article.swift; sourceTree = "<group>"; };
		A606F59425E00F3A00BB957B /* APIService.swift */ = {isa = PBXFileReference; lastKnownFileType = sourcecode.swift; path = APIService.swift; sourceTree = "<group>"; };
		A606F59725E00F5C00BB957B /* WebImageView.swift */ = {isa = PBXFileReference; lastKnownFileType = sourcecode.swift; path = WebImageView.swift; sourceTree = "<group>"; };
		A606F5BC25E0F48900BB957B /* Base */ = {isa = PBXFileReference; lastKnownFileType = file.storyboard; name = Base; path = ../../NewsReader/NewsReader/Base.lproj/Main.storyboard; sourceTree = "<group>"; };
		A606F5C025E0F52900BB957B /* ArticleViewCell.swift */ = {isa = PBXFileReference; lastKnownFileType = sourcecode.swift; path = ArticleViewCell.swift; sourceTree = "<group>"; };
		A606F5C425E0F53D00BB957B /* ArticleViewController.swift */ = {isa = PBXFileReference; lastKnownFileType = sourcecode.swift; path = ArticleViewController.swift; sourceTree = "<group>"; };
/* End PBXFileReference section */

/* Begin PBXFrameworksBuildPhase section */
		A606F57025DFED4300BB957B /* Frameworks */ = {
			isa = PBXFrameworksBuildPhase;
			buildActionMask = 2147483647;
			files = (
				A606F5B925E0EDBB00BB957B /* Alamofire in Frameworks */,
			);
			runOnlyForDeploymentPostprocessing = 0;
		};
/* End PBXFrameworksBuildPhase section */

/* Begin PBXGroup section */
		A606F56A25DFED4300BB957B = {
			isa = PBXGroup;
			children = (
				A606F57525DFED4300BB957B /* NYTimes_API */,
				A606F57425DFED4300BB957B /* Products */,
			);
			sourceTree = "<group>";
		};
		A606F57425DFED4300BB957B /* Products */ = {
			isa = PBXGroup;
			children = (
				A606F57325DFED4300BB957B /* NYTimes_API.app */,
			);
			name = Products;
			sourceTree = "<group>";
		};
		A606F57525DFED4300BB957B /* NYTimes_API */ = {
			isa = PBXGroup;
			children = (
				A606F58B25E00C2F00BB957B /* App */,
				A606F58C25E00C4200BB957B /* Model */,
				A606F58D25E00C4E00BB957B /* View */,
				A606F58E25E00C5900BB957B /* Controller */,
				A606F59325E00F2000BB957B /* Network */,
				A606F57F25DFED4500BB957B /* Assets.xcassets */,
				A606F58125DFED4500BB957B /* LaunchScreen.storyboard */,
				A606F58425DFED4500BB957B /* Info.plist */,
			);
			path = NYTimes_API;
			sourceTree = "<group>";
		};
		A606F58B25E00C2F00BB957B /* App */ = {
			isa = PBXGroup;
			children = (
				A606F57625DFED4300BB957B /* AppDelegate.swift */,
				A606F57825DFED4300BB957B /* SceneDelegate.swift */,
			);
			path = App;
			sourceTree = "<group>";
		};
		A606F58C25E00C4200BB957B /* Model */ = {
			isa = PBXGroup;
			children = (
				A606F58F25E00C7300BB957B /* Article.swift */,
			);
			path = Model;
			sourceTree = "<group>";
		};
		A606F58D25E00C4E00BB957B /* View */ = {
			isa = PBXGroup;
			children = (
				A606F5BB25E0F48900BB957B /* Main.storyboard */,
			);
			path = View;
			sourceTree = "<group>";
		};
		A606F58E25E00C5900BB957B /* Controller */ = {
			isa = PBXGroup;
			children = (
				A606F57A25DFED4300BB957B /* ArticleTableViewController.swift */,
				A606F5C025E0F52900BB957B /* ArticleViewCell.swift */,
				A606F5C425E0F53D00BB957B /* ArticleViewController.swift */,
			);
			path = Controller;
			sourceTree = "<group>";
		};
		A606F59325E00F2000BB957B /* Network */ = {
			isa = PBXGroup;
			children = (
				A606F59425E00F3A00BB957B /* APIService.swift */,
				A606F59725E00F5C00BB957B /* WebImageView.swift */,
			);
			path = Network;
			sourceTree = "<group>";
		};
/* End PBXGroup section */

/* Begin PBXNativeTarget section */
		A606F57225DFED4300BB957B /* NYTimes_API */ = {
			isa = PBXNativeTarget;
			buildConfigurationList = A606F58725DFED4500BB957B /* Build configuration list for PBXNativeTarget "NYTimes_API" */;
			buildPhases = (
				A606F56F25DFED4300BB957B /* Sources */,
				A606F57025DFED4300BB957B /* Frameworks */,
				A606F57125DFED4300BB957B /* Resources */,
			);
			buildRules = (
			);
			dependencies = (
			);
			name = NYTimes_API;
			packageProductDependencies = (
				A606F5B825E0EDBB00BB957B /* Alamofire */,
			);
			productName = NYTimes_API;
			productReference = A606F57325DFED4300BB957B /* NYTimes_API.app */;
			productType = "com.apple.product-type.application";
		};
/* End PBXNativeTarget section */

/* Begin PBXProject section */
		A606F56B25DFED4300BB957B /* Project object */ = {
			isa = PBXProject;
			attributes = {
				LastSwiftUpdateCheck = 1200;
				LastUpgradeCheck = 1200;
				TargetAttributes = {
					A606F57225DFED4300BB957B = {
						CreatedOnToolsVersion = 12.0.1;
					};
				};
			};
			buildConfigurationList = A606F56E25DFED4300BB957B /* Build configuration list for PBXProject "NYTimes_API" */;
			compatibilityVersion = "Xcode 9.3";
			developmentRegion = en;
			hasScannedForEncodings = 0;
			knownRegions = (
				en,
				Base,
			);
			mainGroup = A606F56A25DFED4300BB957B;
			packageReferences = (
				A606F5B725E0EDBB00BB957B /* XCRemoteSwiftPackageReference "Alamofire" */,
			);
			productRefGroup = A606F57425DFED4300BB957B /* Products */;
			projectDirPath = "";
			projectRoot = "";
			targets = (
				A606F57225DFED4300BB957B /* NYTimes_API */,
			);
		};
/* End PBXProject section */

/* Begin PBXResourcesBuildPhase section */
		A606F57125DFED4300BB957B /* Resources */ = {
			isa = PBXResourcesBuildPhase;
			buildActionMask = 2147483647;
			files = (
				A606F58325DFED4500BB957B /* LaunchScreen.storyboard in Resources */,
				A606F58025DFED4500BB957B /* Assets.xcassets in Resources */,
				A606F5BD25E0F48900BB957B /* Main.storyboard in Resources */,
			);
			runOnlyForDeploymentPostprocessing = 0;
		};
/* End PBXResourcesBuildPhase section */

/* Begin PBXSourcesBuildPhase section */
		A606F56F25DFED4300BB957B /* Sources */ = {
			isa = PBXSourcesBuildPhase;
			buildActionMask = 2147483647;
			files = (
				A606F57B25DFED4300BB957B /* ArticleTableViewController.swift in Sources */,
				A606F5C525E0F53D00BB957B /* ArticleViewController.swift in Sources */,
				A606F5C125E0F52900BB957B /* ArticleViewCell.swift in Sources */,
				A606F59825E00F5C00BB957B /* WebImageView.swift in Sources */,
				A606F59525E00F3A00BB957B /* APIService.swift in Sources */,
				A606F57725DFED4300BB957B /* AppDelegate.swift in Sources */,
				A606F59025E00C7300BB957B /* Article.swift in Sources */,
				A606F57925DFED4300BB957B /* SceneDelegate.swift in Sources */,
			);
			runOnlyForDeploymentPostprocessing = 0;
		};
/* End PBXSourcesBuildPhase section */

/* Begin PBXVariantGroup section */
		A606F58125DFED4500BB957B /* LaunchScreen.storyboard */ = {
			isa = PBXVariantGroup;
			children = (
				A606F58225DFED4500BB957B /* Base */,
			);
			name = LaunchScreen.storyboard;
			sourceTree = "<group>";
		};
		A606F5BB25E0F48900BB957B /* Main.storyboard */ = {
			isa = PBXVariantGroup;
			children = (
				A606F5BC25E0F48900BB957B /* Base */,
			);
			name = Main.storyboard;
			sourceTree = "<group>";
		};
/* End PBXVariantGroup section */

/* Begin XCBuildConfiguration section */
		A606F58525DFED4500BB957B /* Debug */ = {
			isa = XCBuildConfiguration;
			buildSettings = {
				ALWAYS_SEARCH_USER_PATHS = NO;
				CLANG_ANALYZER_NONNULL = YES;
				CLANG_ANALYZER_NUMBER_OBJECT_CONVERSION = YES_AGGRESSIVE;
				CLANG_CXX_LANGUAGE_STANDARD = "gnu++14";
				CLANG_CXX_LIBRARY = "libc++";
				CLANG_ENABLE_MODULES = YES;
				CLANG_ENABLE_OBJC_ARC = YES;
				CLANG_ENABLE_OBJC_WEAK = YES;
				CLANG_WARN_BLOCK_CAPTURE_AUTORELEASING = YES;
				CLANG_WARN_BOOL_CONVERSION = YES;
				CLANG_WARN_COMMA = YES;
				CLANG_WARN_CONSTANT_CONVERSION = YES;
				CLANG_WARN_DEPRECATED_OBJC_IMPLEMENTATIONS = YES;
				CLANG_WARN_DIRECT_OBJC_ISA_USAGE = YES_ERROR;
				CLANG_WARN_DOCUMENTATION_COMMENTS = YES;
				CLANG_WARN_EMPTY_BODY = YES;
				CLANG_WARN_ENUM_CONVERSION = YES;
				CLANG_WARN_INFINITE_RECURSION = YES;
				CLANG_WARN_INT_CONVERSION = YES;
				CLANG_WARN_NON_LITERAL_NULL_CONVERSION = YES;
				CLANG_WARN_OBJC_IMPLICIT_RETAIN_SELF = YES;
				CLANG_WARN_OBJC_LITERAL_CONVERSION = YES;
				CLANG_WARN_OBJC_ROOT_CLASS = YES_ERROR;
				CLANG_WARN_QUOTED_INCLUDE_IN_FRAMEWORK_HEADER = YES;
				CLANG_WARN_RANGE_LOOP_ANALYSIS = YES;
				CLANG_WARN_STRICT_PROTOTYPES = YES;
				CLANG_WARN_SUSPICIOUS_MOVE = YES;
				CLANG_WARN_UNGUARDED_AVAILABILITY = YES_AGGRESSIVE;
				CLANG_WARN_UNREACHABLE_CODE = YES;
				CLANG_WARN__DUPLICATE_METHOD_MATCH = YES;
				COPY_PHASE_STRIP = NO;
				DEBUG_INFORMATION_FORMAT = dwarf;
				ENABLE_STRICT_OBJC_MSGSEND = YES;
				ENABLE_TESTABILITY = YES;
				GCC_C_LANGUAGE_STANDARD = gnu11;
				GCC_DYNAMIC_NO_PIC = NO;
				GCC_NO_COMMON_BLOCKS = YES;
				GCC_OPTIMIZATION_LEVEL = 0;
				GCC_PREPROCESSOR_DEFINITIONS = (
					"DEBUG=1",
					"$(inherited)",
				);
				GCC_WARN_64_TO_32_BIT_CONVERSION = YES;
				GCC_WARN_ABOUT_RETURN_TYPE = YES_ERROR;
				GCC_WARN_UNDECLARED_SELECTOR = YES;
				GCC_WARN_UNINITIALIZED_AUTOS = YES_AGGRESSIVE;
				GCC_WARN_UNUSED_FUNCTION = YES;
				GCC_WARN_UNUSED_VARIABLE = YES;
				IPHONEOS_DEPLOYMENT_TARGET = 14.0;
				MTL_ENABLE_DEBUG_INFO = INCLUDE_SOURCE;
				MTL_FAST_MATH = YES;
				ONLY_ACTIVE_ARCH = YES;
				SDKROOT = iphoneos;
				SWIFT_ACTIVE_COMPILATION_CONDITIONS = DEBUG;
				SWIFT_OPTIMIZATION_LEVEL = "-Onone";
			};
			name = Debug;
		};
		A606F58625DFED4500BB957B /* Release */ = {
			isa = XCBuildConfiguration;
			buildSettings = {
				ALWAYS_SEARCH_USER_PATHS = NO;
				CLANG_ANALYZER_NONNULL = YES;
				CLANG_ANALYZER_NUMBER_OBJECT_CONVERSION = YES_AGGRESSIVE;
				CLANG_CXX_LANGUAGE_STANDARD = "gnu++14";
				CLANG_CXX_LIBRARY = "libc++";
				CLANG_ENABLE_MODULES = YES;
				CLANG_ENABLE_OBJC_ARC = YES;
				CLANG_ENABLE_OBJC_WEAK = YES;
				CLANG_WARN_BLOCK_CAPTURE_AUTORELEASING = YES;
				CLANG_WARN_BOOL_CONVERSION = YES;
				CLANG_WARN_COMMA = YES;
				CLANG_WARN_CONSTANT_CONVERSION = YES;
				CLANG_WARN_DEPRECATED_OBJC_IMPLEMENTATIONS = YES;
				CLANG_WARN_DIRECT_OBJC_ISA_USAGE = YES_ERROR;
				CLANG_WARN_DOCUMENTATION_COMMENTS = YES;
				CLANG_WARN_EMPTY_BODY = YES;
				CLANG_WARN_ENUM_CONVERSION = YES;
				CLANG_WARN_INFINITE_RECURSION = YES;
				CLANG_WARN_INT_CONVERSION = YES;
				CLANG_WARN_NON_LITERAL_NULL_CONVERSION = YES;
				CLANG_WARN_OBJC_IMPLICIT_RETAIN_SELF = YES;
				CLANG_WARN_OBJC_LITERAL_CONVERSION = YES;
				CLANG_WARN_OBJC_ROOT_CLASS = YES_ERROR;
				CLANG_WARN_QUOTED_INCLUDE_IN_FRAMEWORK_HEADER = YES;
				CLANG_WARN_RANGE_LOOP_ANALYSIS = YES;
				CLANG_WARN_STRICT_PROTOTYPES = YES;
				CLANG_WARN_SUSPICIOUS_MOVE = YES;
				CLANG_WARN_UNGUARDED_AVAILABILITY = YES_AGGRESSIVE;
				CLANG_WARN_UNREACHABLE_CODE = YES;
				CLANG_WARN__DUPLICATE_METHOD_MATCH = YES;
				COPY_PHASE_STRIP = NO;
				DEBUG_INFORMATION_FORMAT = "dwarf-with-dsym";
				ENABLE_NS_ASSERTIONS = NO;
				ENABLE_STRICT_OBJC_MSGSEND = YES;
				GCC_C_LANGUAGE_STANDARD = gnu11;
				GCC_NO_COMMON_BLOCKS = YES;
				GCC_WARN_64_TO_32_BIT_CONVERSION = YES;
				GCC_WARN_ABOUT_RETURN_TYPE = YES_ERROR;
				GCC_WARN_UNDECLARED_SELECTOR = YES;
				GCC_WARN_UNINITIALIZED_AUTOS = YES_AGGRESSIVE;
				GCC_WARN_UNUSED_FUNCTION = YES;
				GCC_WARN_UNUSED_VARIABLE = YES;
				IPHONEOS_DEPLOYMENT_TARGET = 14.0;
				MTL_ENABLE_DEBUG_INFO = NO;
				MTL_FAST_MATH = YES;
				SDKROOT = iphoneos;
				SWIFT_COMPILATION_MODE = wholemodule;
				SWIFT_OPTIMIZATION_LEVEL = "-O";
				VALIDATE_PRODUCT = YES;
			};
			name = Release;
		};
		A606F58825DFED4500BB957B /* Debug */ = {
			isa = XCBuildConfiguration;
			buildSettings = {
				ASSETCATALOG_COMPILER_APPICON_NAME = AppIcon;
				ASSETCATALOG_COMPILER_GLOBAL_ACCENT_COLOR_NAME = AccentColor;
				CODE_SIGN_STYLE = Automatic;
				DEVELOPMENT_TEAM = A4647YNHF8;
				INFOPLIST_FILE = NYTimes_API/Info.plist;
				LD_RUNPATH_SEARCH_PATHS = (
					"$(inherited)",
					"@executable_path/Frameworks",
				);
				PRODUCT_BUNDLE_IDENTIFIER = "com.klyukay.eva.NYTimes-API";
				PRODUCT_NAME = "$(TARGET_NAME)";
				SWIFT_VERSION = 5.0;
				TARGETED_DEVICE_FAMILY = "1,2";
			};
			name = Debug;
		};
		A606F58925DFED4500BB957B /* Release */ = {
			isa = XCBuildConfiguration;
			buildSettings = {
				ASSETCATALOG_COMPILER_APPICON_NAME = AppIcon;
				ASSETCATALOG_COMPILER_GLOBAL_ACCENT_COLOR_NAME = AccentColor;
				CODE_SIGN_STYLE = Automatic;
				DEVELOPMENT_TEAM = A4647YNHF8;
				INFOPLIST_FILE = NYTimes_API/Info.plist;
				LD_RUNPATH_SEARCH_PATHS = (
					"$(inherited)",
					"@executable_path/Frameworks",
				);
				PRODUCT_BUNDLE_IDENTIFIER = "com.klyukay.eva.NYTimes-API";
				PRODUCT_NAME = "$(TARGET_NAME)";
				SWIFT_VERSION = 5.0;
				TARGETED_DEVICE_FAMILY = "1,2";
			};
			name = Release;
		};
/* End XCBuildConfiguration section */

/* Begin XCConfigurationList section */
		A606F56E25DFED4300BB957B /* Build configuration list for PBXProject "NYTimes_API" */ = {
			isa = XCConfigurationList;
			buildConfigurations = (
				A606F58525DFED4500BB957B /* Debug */,
				A606F58625DFED4500BB957B /* Release */,
			);
			defaultConfigurationIsVisible = 0;
			defaultConfigurationName = Release;
		};
		A606F58725DFED4500BB957B /* Build configuration list for PBXNativeTarget "NYTimes_API" */ = {
			isa = XCConfigurationList;
			buildConfigurations = (
				A606F58825DFED4500BB957B /* Debug */,
				A606F58925DFED4500BB957B /* Release */,
			);
			defaultConfigurationIsVisible = 0;
			defaultConfigurationName = Release;
		};
/* End XCConfigurationList section */

/* Begin XCRemoteSwiftPackageReference section */
		A606F5B725E0EDBB00BB957B /* XCRemoteSwiftPackageReference "Alamofire" */ = {
			isa = XCRemoteSwiftPackageReference;
			repositoryURL = "https://github.com/Alamofire/Alamofire.git";
			requirement = {
				kind = upToNextMajorVersion;
				minimumVersion = 5.4.1;
			};
		};
/* End XCRemoteSwiftPackageReference section */

/* Begin XCSwiftPackageProductDependency section */
		A606F5B825E0EDBB00BB957B /* Alamofire */ = {
			isa = XCSwiftPackageProductDependency;
			package = A606F5B725E0EDBB00BB957B /* XCRemoteSwiftPackageReference "Alamofire" */;
			productName = Alamofire;
		};
/* End XCSwiftPackageProductDependency section */
	};
	rootObject = A606F56B25DFED4300BB957B /* Project object */;
}
